# THIS IS AN AUTOGENERATED FILE. DO NOT EDIT THIS FILE DIRECTLY.
# yarn lockfile v1


fast-equals@^1.6.0:
  version "1.6.1"
  resolved "https://registry.yarnpkg.com/fast-equals/-/fast-equals-1.6.1.tgz#66cc5a0922ea747599f41aedf44a76ec2908adc0"

fast-stringify@^1.1.0:
  version "1.1.0"
  resolved "https://registry.yarnpkg.com/fast-stringify/-/fast-stringify-1.1.0.tgz#6caf0af2456296adac9d0c9c6f0522d18297f57a"

micro-memoize@^2.1.1:
  version "2.1.1"
  resolved "https://registry.yarnpkg.com/micro-memoize/-/micro-memoize-2.1.1.tgz#5092f1ef475546b28f8da0e11f061850d5549ae4"

moize@^5.4.4:
  version "5.4.5"
  resolved "https://registry.yarnpkg.com/moize/-/moize-5.4.5.tgz#cc9f4dc0033c41160c5bfb199951546f12f22956"
  dependencies:
    fast-equals "^1.6.0"
    fast-stringify "^1.1.0"
    micro-memoize "^2.1.1"
