# THIS IS AN AUTOGENERATED FILE. DO NOT EDIT THIS FILE DIRECTLY.
# yarn lockfile v1


fast-equals@2.0.0:
  version "2.0.0"
  resolved "https://registry.yarnpkg.com/fast-equals/-/fast-equals-2.0.0.tgz#bef2c423af3939f2c54310df54c57e64cd2adefc"

micro-memoize@4.0.9:
  version "4.0.9"
  resolved "https://registry.yarnpkg.com/micro-memoize/-/micro-memoize-4.0.9.tgz#b44a38c9dffbee1cefc2fd139bc8947952268b62"

moize@^6.0.1:
  version "6.0.1"
  resolved "https://registry.yarnpkg.com/moize/-/moize-6.0.1.tgz#5e1cd820fb156e90b83e411e0e22b3bbbccea474"
  dependencies:
    fast-equals "2.0.0"
    micro-memoize "4.0.9"
