# THIS IS AN AUTOGENERATED FILE. DO NOT EDIT THIS FILE DIRECTLY.
# yarn lockfile v1


fast-equals@^2.0.1:
  version "2.0.1"
  resolved "https://registry.yarnpkg.com/fast-equals/-/fast-equals-2.0.1.tgz#ffc1b0746aceaa855bed91e6aa0e70968645ed7c"

micro-memoize@^4.0.9:
  version "4.0.9"
  resolved "https://registry.yarnpkg.com/micro-memoize/-/micro-memoize-4.0.9.tgz#b44a38c9dffbee1cefc2fd139bc8947952268b62"

moize@^6.0.3:
  version "6.0.3"
  resolved "https://registry.yarnpkg.com/moize/-/moize-6.0.3.tgz#20881786b68678bc75215ac15ac48a010592b221"
  dependencies:
    fast-equals "^2.0.1"
    micro-memoize "^4.0.9"
